
Microsoft Visual Studio Solution File, Format Version 12.00
# Visual Studio 2012
Project("{FAE04EC0-301F-11D3-BF4B-00C04F79EFBC}") = "ApplicationService.Common", "ApplicationService.Common\ApplicationService.Common.csproj", "{15B3E0D2-6217-493A-A690-158C497F5318}"
EndProject
Project("{FAE04EC0-301F-11D3-BF4B-00C04F79EFBC}") = "ApplicationWindowsService", "ApplicationWindowsService\ApplicationWindowsService.csproj", "{140B7C39-F049-4611-98B2-171802D9F379}"
EndProject
Global
	GlobalSection(SolutionConfigurationPlatforms) = preSolution
		Debug|Any CPU = Debug|Any CPU
		Release|Any CPU = Release|Any CPU
	EndGlobalSection
	GlobalSection(ProjectConfigurationPlatforms) = postSolution
		{15B3E0D2-6217-493A-A690-158C497F5318}.Debug|Any CPU.ActiveCfg = Debug|Any CPU
		{15B3E0D2-6217-493A-A690-158C497F5318}.Debug|Any CPU.Build.0 = Debug|Any CPU
		{15B3E0D2-6217-493A-A690-158C497F5318}.Release|Any CPU.ActiveCfg = Release|Any CPU
		{15B3E0D2-6217-493A-A690-158C497F5318}.Release|Any CPU.Build.0 = Release|Any CPU
		{140B7C39-F049-4611-98B2-171802D9F379}.Debug|Any CPU.ActiveCfg = Debug|Any CPU
		{140B7C39-F049-4611-98B2-171802D9F379}.Debug|Any CPU.Build.0 = Debug|Any CPU
		{140B7C39-F049-4611-98B2-171802D9F379}.Release|Any CPU.ActiveCfg = Release|Any CPU
		{140B7C39-F049-4611-98B2-171802D9F379}.Release|Any CPU.Build.0 = Release|Any CPU
	EndGlobalSection
	GlobalSection(SolutionProperties) = preSolution
		HideSolutionNode = FALSE
	EndGlobalSection
EndGlobal
